
Microsoft Visual Studio Solution File, Format Version 12.00
# Visual Studio 15
VisualStudioVersion = 15.0.26730.12
MinimumVisualStudioVersion = 10.0.40219.1
Project("{FAE04EC0-301F-11D3-BF4B-00C04F79EFBC}") = "NLECloudSDK", "NLECloudSDK\NLECloudSDK.csproj", "{0B6DD2C3-3322-469A-A272-FD744B05B7EE}"
EndProject
Project("{FAE04EC0-301F-11D3-BF4B-00C04F79EFBC}") = "NLECloudSDKTest", "NLECloudSDKTest\NLECloudSDKTest.csproj", "{3D48D431-FB28-4B04-BF4C-8857085C8E54}"
EndProject
Global
	GlobalSection(SolutionConfigurationPlatforms) = preSolution
		Debug|Any CPU = Debug|Any CPU
		Release|Any CPU = Release|Any CPU
	EndGlobalSection
	GlobalSection(ProjectConfigurationPlatforms) = postSolution
		{0B6DD2C3-3322-469A-A272-FD744B05B7EE}.Debug|Any CPU.ActiveCfg = Debug|Any CPU
		{0B6DD2C3-3322-469A-A272-FD744B05B7EE}.Debug|Any CPU.Build.0 = Debug|Any CPU
		{0B6DD2C3-3322-469A-A272-FD744B05B7EE}.Release|Any CPU.ActiveCfg = Release|Any CPU
		{0B6DD2C3-3322-469A-A272-FD744B05B7EE}.Release|Any CPU.Build.0 = Release|Any CPU
		{3D48D431-FB28-4B04-BF4C-8857085C8E54}.Debug|Any CPU.ActiveCfg = Debug|Any CPU
		{3D48D431-FB28-4B04-BF4C-8857085C8E54}.Debug|Any CPU.Build.0 = Debug|Any CPU
		{3D48D431-FB28-4B04-BF4C-8857085C8E54}.Release|Any CPU.ActiveCfg = Release|Any CPU
		{3D48D431-FB28-4B04-BF4C-8857085C8E54}.Release|Any CPU.Build.0 = Release|Any CPU
	EndGlobalSection
	GlobalSection(SolutionProperties) = preSolution
		HideSolutionNode = FALSE
	EndGlobalSection
	GlobalSection(ExtensibilityGlobals) = postSolution
		SolutionGuid = {A0D87B17-E188-49A7-9BCA-7DE2240151D6}
	EndGlobalSection
EndGlobal
